
Microsoft Visual Studio Solution File, Format Version 12.00
# Visual Studio 15
VisualStudioVersion = 15.0.28307.136
MinimumVisualStudioVersion = 10.0.40219.1
Project("{FAE04EC0-301F-11D3-BF4B-00C04F79EFBC}") = "ConsoleTester", "ConsoleApp1\ConsoleTester.csproj", "{1A756B05-8206-48E9-98AC-7A4553A92258}"
EndProject
Project("{FAE04EC0-301F-11D3-BF4B-00C04F79EFBC}") = "LabAPI", "LabAPI\LabAPI.csproj", "{426C32A6-AB76-481D-BFD8-DD24EA782C76}"
EndProject
Global
	GlobalSection(SolutionConfigurationPlatforms) = preSolution
		Debug|Any CPU = Debug|Any CPU
		Release|Any CPU = Release|Any CPU
	EndGlobalSection
	GlobalSection(ProjectConfigurationPlatforms) = postSolution
		{1A756B05-8206-48E9-98AC-7A4553A92258}.Debug|Any CPU.ActiveCfg = Debug|Any CPU
		{1A756B05-8206-48E9-98AC-7A4553A92258}.Debug|Any CPU.Build.0 = Debug|Any CPU
		{1A756B05-8206-48E9-98AC-7A4553A92258}.Release|Any CPU.ActiveCfg = Release|Any CPU
		{1A756B05-8206-48E9-98AC-7A4553A92258}.Release|Any CPU.Build.0 = Release|Any CPU
		{426C32A6-AB76-481D-BFD8-DD24EA782C76}.Debug|Any CPU.ActiveCfg = Debug|Any CPU
		{426C32A6-AB76-481D-BFD8-DD24EA782C76}.Debug|Any CPU.Build.0 = Debug|Any CPU
		{426C32A6-AB76-481D-BFD8-DD24EA782C76}.Release|Any CPU.ActiveCfg = Release|Any CPU
		{426C32A6-AB76-481D-BFD8-DD24EA782C76}.Release|Any CPU.Build.0 = Release|Any CPU
	EndGlobalSection
	GlobalSection(SolutionProperties) = preSolution
		HideSolutionNode = FALSE
	EndGlobalSection
	GlobalSection(ExtensibilityGlobals) = postSolution
		SolutionGuid = {DB06005B-1DE7-491C-8C03-F5938A6A4269}
	EndGlobalSection
EndGlobal
